
Microsoft Visual Studio Solution File, Format Version 12.00
# Visual Studio Version 17
VisualStudioVersion = 17.4.33205.214
MinimumVisualStudioVersion = 10.0.40219.1
Project("{FAE04EC0-301F-11D3-BF4B-00C04F79EFBC}") = "Day10", "Day10\Day10.csproj", "{55A1E8EA-B1A9-42BD-9DB5-14BE823340C8}"
EndProject
Global
	GlobalSection(SolutionConfigurationPlatforms) = preSolution
		Debug|Any CPU = Debug|Any CPU
		Release|Any CPU = Release|Any CPU
	EndGlobalSection
	GlobalSection(ProjectConfigurationPlatforms) = postSolution
		{55A1E8EA-B1A9-42BD-9DB5-14BE823340C8}.Debug|Any CPU.ActiveCfg = Debug|Any CPU
		{55A1E8EA-B1A9-42BD-9DB5-14BE823340C8}.Debug|Any CPU.Build.0 = Debug|Any CPU
		{55A1E8EA-B1A9-42BD-9DB5-14BE823340C8}.Release|Any CPU.ActiveCfg = Release|Any CPU
		{55A1E8EA-B1A9-42BD-9DB5-14BE823340C8}.Release|Any CPU.Build.0 = Release|Any CPU
	EndGlobalSection
	GlobalSection(SolutionProperties) = preSolution
		HideSolutionNode = FALSE
	EndGlobalSection
	GlobalSection(ExtensibilityGlobals) = postSolution
		SolutionGuid = {2A3E6626-CC73-4BB9-BE74-9C5F02F3D957}
	EndGlobalSection
EndGlobal
