
Microsoft Visual Studio Solution File, Format Version 12.00
# Visual Studio Version 17
VisualStudioVersion = 17.1.32328.378
MinimumVisualStudioVersion = 10.0.40219.1
Project("{9A19103F-16F7-4668-BE54-9A1E7A4F7556}") = "Day02", "Day02\Day02.csproj", "{5AF03966-14B3-4CB3-9EC9-6DAC5792F1A8}"
EndProject
Project("{2150E333-8FDC-42A3-9474-1A3956D46DE8}") = "Solution Items", "Solution Items", "{26ED2B31-20DF-4B3A-99B9-04E4A156F6FA}"
	ProjectSection(SolutionItems) = preProject
		Slides\PG2_02_Lists.pdf = Slides\PG2_02_Lists.pdf
		Slides\PG2_02_SplittingStrings.pdf = Slides\PG2_02_SplittingStrings.pdf
	EndProjectSection
EndProject
Global
	GlobalSection(SolutionConfigurationPlatforms) = preSolution
		Debug|Any CPU = Debug|Any CPU
		Release|Any CPU = Release|Any CPU
	EndGlobalSection
	GlobalSection(ProjectConfigurationPlatforms) = postSolution
		{5AF03966-14B3-4CB3-9EC9-6DAC5792F1A8}.Debug|Any CPU.ActiveCfg = Debug|Any CPU
		{5AF03966-14B3-4CB3-9EC9-6DAC5792F1A8}.Debug|Any CPU.Build.0 = Debug|Any CPU
		{5AF03966-14B3-4CB3-9EC9-6DAC5792F1A8}.Release|Any CPU.ActiveCfg = Release|Any CPU
		{5AF03966-14B3-4CB3-9EC9-6DAC5792F1A8}.Release|Any CPU.Build.0 = Release|Any CPU
	EndGlobalSection
	GlobalSection(SolutionProperties) = preSolution
		HideSolutionNode = FALSE
	EndGlobalSection
	GlobalSection(ExtensibilityGlobals) = postSolution
		SolutionGuid = {C447E25E-0600-49E8-8E17-61692ACC85B9}
	EndGlobalSection
EndGlobal
