
Microsoft Visual Studio Solution File, Format Version 12.00
# Visual Studio Version 17
VisualStudioVersion = 17.2.32516.85
MinimumVisualStudioVersion = 10.0.40219.1
Project("{FAE04EC0-301F-11D3-BF4B-00C04F79EFBC}") = "Day11CSharp", "Day11CSharp\Day11CSharp.csproj", "{E8119268-E470-4166-9322-C3278D06B0D0}"
EndProject
Global
	GlobalSection(SolutionConfigurationPlatforms) = preSolution
		Debug|Any CPU = Debug|Any CPU
		Release|Any CPU = Release|Any CPU
	EndGlobalSection
	GlobalSection(ProjectConfigurationPlatforms) = postSolution
		{E8119268-E470-4166-9322-C3278D06B0D0}.Debug|Any CPU.ActiveCfg = Debug|Any CPU
		{E8119268-E470-4166-9322-C3278D06B0D0}.Debug|Any CPU.Build.0 = Debug|Any CPU
		{E8119268-E470-4166-9322-C3278D06B0D0}.Release|Any CPU.ActiveCfg = Release|Any CPU
		{E8119268-E470-4166-9322-C3278D06B0D0}.Release|Any CPU.Build.0 = Release|Any CPU
	EndGlobalSection
	GlobalSection(SolutionProperties) = preSolution
		HideSolutionNode = FALSE
	EndGlobalSection
	GlobalSection(ExtensibilityGlobals) = postSolution
		SolutionGuid = {EA918960-BEC5-4272-A44D-2AC5705CFCB4}
	EndGlobalSection
EndGlobal
